{
  "nodes": {
    "home-manager": {
      "inputs": {
        "nixpkgs": [
          "nixpkgs"
        ]
      },
      "locked": {
        "lastModified": 1694134858,
        "narHash": "sha256-fG/ESauOGmiojKlpJG8gB62dJa5Wd+ZIuiDMKK/HD3g=",
        "owner": "nix-community",
        "repo": "home-manager",
        "rev": "19c6a4081b14443420358262f8416149bd79561a",
        "type": "github"
      },
      "original": {
        "owner": "nix-community",
        "repo": "home-manager",
        "type": "github"
      }
    },
    "nixpkgs": {
      "locked": {
        "lastModified": 1693985761,
        "narHash": "sha256-K5b+7j7Tt3+AqbWkcw+wMeqOAWyCD1MH26FPZyWXpdo=",
        "owner": "NixOS",
        "repo": "nixpkgs",
        "rev": "0bffda19b8af722f8069d09d8b6a24594c80b352",
        "type": "github"
      },
      "original": {
        "owner": "NixOS",
        "ref": "nixos-unstable",
        "repo": "nixpkgs",
        "type": "github"
      }
    },
    "nur": {
      "locked": {
        "lastModified": 1694205411,
        "narHash": "sha256-+YFpxUt0uaU5STtipAClw2AmO3am0//5TZflTO7jCGc=",
        "owner": "nix-community",
        "repo": "NUR",
        "rev": "cb2799c3e5aa3b2fa1b0dce240688af0af17d538",
        "type": "github"
      },
      "original": {
        "owner": "nix-community",
        "repo": "NUR",
        "type": "github"
      }
    },
    "root": {
      "inputs": {
        "home-manager": "home-manager",
        "nixpkgs": "nixpkgs",
        "nur": "nur"
      }
    }
  },
  "root": "root",
  "version": 7
}
